
Microsoft Visual Studio Solution File, Format Version 12.00
# Visual Studio Version 16
VisualStudioVersion = 16.0.30014.187
MinimumVisualStudioVersion = 10.0.40219.1
Project("{9A19103F-16F7-4668-BE54-9A1E7A4F7556}") = "Augabenblatt_05.Aufgabe_13", "Augabenblatt_05.Aufgabe_13\Augabenblatt_05.Aufgabe_13.csproj", "{A7C0E0BA-D1F6-43D1-A5EE-0FD6E362D3E0}"
EndProject
Project("{FAE04EC0-301F-11D3-BF4B-00C04F79EFBC}") = "Aufgabenblatt_05.Aufgabe_14", "Aufgabenblatt_05.Aufgabe_14\Aufgabenblatt_05.Aufgabe_14.csproj", "{51031E83-8496-4FD0-A7BB-9AC936DDB8F7}"
EndProject
Global
	GlobalSection(SolutionConfigurationPlatforms) = preSolution
		Debug|Any CPU = Debug|Any CPU
		Release|Any CPU = Release|Any CPU
	EndGlobalSection
	GlobalSection(ProjectConfigurationPlatforms) = postSolution
		{A7C0E0BA-D1F6-43D1-A5EE-0FD6E362D3E0}.Debug|Any CPU.ActiveCfg = Debug|Any CPU
		{A7C0E0BA-D1F6-43D1-A5EE-0FD6E362D3E0}.Debug|Any CPU.Build.0 = Debug|Any CPU
		{A7C0E0BA-D1F6-43D1-A5EE-0FD6E362D3E0}.Release|Any CPU.ActiveCfg = Release|Any CPU
		{A7C0E0BA-D1F6-43D1-A5EE-0FD6E362D3E0}.Release|Any CPU.Build.0 = Release|Any CPU
		{51031E83-8496-4FD0-A7BB-9AC936DDB8F7}.Debug|Any CPU.ActiveCfg = Debug|Any CPU
		{51031E83-8496-4FD0-A7BB-9AC936DDB8F7}.Debug|Any CPU.Build.0 = Debug|Any CPU
		{51031E83-8496-4FD0-A7BB-9AC936DDB8F7}.Release|Any CPU.ActiveCfg = Release|Any CPU
		{51031E83-8496-4FD0-A7BB-9AC936DDB8F7}.Release|Any CPU.Build.0 = Release|Any CPU
	EndGlobalSection
	GlobalSection(SolutionProperties) = preSolution
		HideSolutionNode = FALSE
	EndGlobalSection
	GlobalSection(ExtensibilityGlobals) = postSolution
		SolutionGuid = {BB09C833-A802-40EA-AADB-42C2CD904A1B}
	EndGlobalSection
EndGlobal
