
Microsoft Visual Studio Solution File, Format Version 12.00
# Visual Studio Version 16
VisualStudioVersion = 16.0.30001.183
MinimumVisualStudioVersion = 10.0.40219.1
Project("{FAE04EC0-301F-11D3-BF4B-00C04F79EFBC}") = "Aufgabenblatt_02.Aufgabe_06", "Aufgabenblatt_02.Aufgabe_06\Aufgabenblatt_02.Aufgabe_06.csproj", "{C3E3FCF4-607B-4B53-92A8-2145BA03241D}"
EndProject
Project("{FAE04EC0-301F-11D3-BF4B-00C04F79EFBC}") = "Aufgabenblatt_02.Aufgabe_07", "Aufgabenblatt_02.Aufgabe_07\Aufgabenblatt_02.Aufgabe_07.csproj", "{643277F8-73D8-4B84-B0FD-CDF32287221A}"
EndProject
Project("{FAE04EC0-301F-11D3-BF4B-00C04F79EFBC}") = "Aufgabenblatt_02.Aufgabe_08", "Aufgabenblatt_02.Aufgabe_08\Aufgabenblatt_02.Aufgabe_08.csproj", "{942EB534-D22D-4C5E-94F4-FE482B81EF4E}"
EndProject
Global
	GlobalSection(SolutionConfigurationPlatforms) = preSolution
		Debug|Any CPU = Debug|Any CPU
		Release|Any CPU = Release|Any CPU
	EndGlobalSection
	GlobalSection(ProjectConfigurationPlatforms) = postSolution
		{C3E3FCF4-607B-4B53-92A8-2145BA03241D}.Debug|Any CPU.ActiveCfg = Debug|Any CPU
		{C3E3FCF4-607B-4B53-92A8-2145BA03241D}.Debug|Any CPU.Build.0 = Debug|Any CPU
		{C3E3FCF4-607B-4B53-92A8-2145BA03241D}.Release|Any CPU.ActiveCfg = Release|Any CPU
		{C3E3FCF4-607B-4B53-92A8-2145BA03241D}.Release|Any CPU.Build.0 = Release|Any CPU
		{643277F8-73D8-4B84-B0FD-CDF32287221A}.Debug|Any CPU.ActiveCfg = Debug|Any CPU
		{643277F8-73D8-4B84-B0FD-CDF32287221A}.Debug|Any CPU.Build.0 = Debug|Any CPU
		{643277F8-73D8-4B84-B0FD-CDF32287221A}.Release|Any CPU.ActiveCfg = Release|Any CPU
		{643277F8-73D8-4B84-B0FD-CDF32287221A}.Release|Any CPU.Build.0 = Release|Any CPU
		{942EB534-D22D-4C5E-94F4-FE482B81EF4E}.Debug|Any CPU.ActiveCfg = Debug|Any CPU
		{942EB534-D22D-4C5E-94F4-FE482B81EF4E}.Debug|Any CPU.Build.0 = Debug|Any CPU
		{942EB534-D22D-4C5E-94F4-FE482B81EF4E}.Release|Any CPU.ActiveCfg = Release|Any CPU
		{942EB534-D22D-4C5E-94F4-FE482B81EF4E}.Release|Any CPU.Build.0 = Release|Any CPU
	EndGlobalSection
	GlobalSection(SolutionProperties) = preSolution
		HideSolutionNode = FALSE
	EndGlobalSection
	GlobalSection(ExtensibilityGlobals) = postSolution
		SolutionGuid = {1FA9C01D-E7B2-4DFD-8CCA-EEB0DED10764}
	EndGlobalSection
EndGlobal
